
Microsoft Visual Studio Solution File, Format Version 12.00
# Visual Studio 15
VisualStudioVersion = 15.0.26730.3
MinimumVisualStudioVersion = 10.0.40219.1
Project("{FAE04EC0-301F-11D3-BF4B-00C04F79EFBC}") = "FriendOrganizer.UI", "FriendOrganizer.UI\FriendOrganizer.UI.csproj", "{949298A5-656C-432A-B095-CA248D5FEA5B}"
EndProject
Project("{FAE04EC0-301F-11D3-BF4B-00C04F79EFBC}") = "FriendOrganizer.DataAccess", "FriendOrganizer.DataAccess\FriendOrganizer.DataAccess.csproj", "{7C80B833-0F8E-4870-A609-FCF63C1B1B6B}"
EndProject
Project("{FAE04EC0-301F-11D3-BF4B-00C04F79EFBC}") = "FriendOrganizer.Model", "FriendOrganizer.Model\FriendOrganizer.Model.csproj", "{CDF34F18-C690-4A95-BFF8-362E722B617A}"
EndProject
Global
	GlobalSection(SolutionConfigurationPlatforms) = preSolution
		Debug|Any CPU = Debug|Any CPU
		Release|Any CPU = Release|Any CPU
	EndGlobalSection
	GlobalSection(ProjectConfigurationPlatforms) = postSolution
		{949298A5-656C-432A-B095-CA248D5FEA5B}.Debug|Any CPU.ActiveCfg = Debug|Any CPU
		{949298A5-656C-432A-B095-CA248D5FEA5B}.Debug|Any CPU.Build.0 = Debug|Any CPU
		{949298A5-656C-432A-B095-CA248D5FEA5B}.Release|Any CPU.ActiveCfg = Release|Any CPU
		{949298A5-656C-432A-B095-CA248D5FEA5B}.Release|Any CPU.Build.0 = Release|Any CPU
		{7C80B833-0F8E-4870-A609-FCF63C1B1B6B}.Debug|Any CPU.ActiveCfg = Debug|Any CPU
		{7C80B833-0F8E-4870-A609-FCF63C1B1B6B}.Debug|Any CPU.Build.0 = Debug|Any CPU
		{7C80B833-0F8E-4870-A609-FCF63C1B1B6B}.Release|Any CPU.ActiveCfg = Release|Any CPU
		{7C80B833-0F8E-4870-A609-FCF63C1B1B6B}.Release|Any CPU.Build.0 = Release|Any CPU
		{CDF34F18-C690-4A95-BFF8-362E722B617A}.Debug|Any CPU.ActiveCfg = Debug|Any CPU
		{CDF34F18-C690-4A95-BFF8-362E722B617A}.Debug|Any CPU.Build.0 = Debug|Any CPU
		{CDF34F18-C690-4A95-BFF8-362E722B617A}.Release|Any CPU.ActiveCfg = Release|Any CPU
		{CDF34F18-C690-4A95-BFF8-362E722B617A}.Release|Any CPU.Build.0 = Release|Any CPU
	EndGlobalSection
	GlobalSection(SolutionProperties) = preSolution
		HideSolutionNode = FALSE
	EndGlobalSection
	GlobalSection(ExtensibilityGlobals) = postSolution
		SolutionGuid = {A2B9D26F-70F3-42E2-A57E-4DA86BD9FB48}
	EndGlobalSection
EndGlobal
